
Microsoft Visual Studio Solution File, Format Version 12.00
# Visual Studio 15
VisualStudioVersion = 15.0.26730.3
MinimumVisualStudioVersion = 10.0.40219.1
Project("{9A19103F-16F7-4668-BE54-9A1E7A4F7556}") = "ICSSoft.STORMNET.Collections", "ICSSoft.STORMNET.Collections\ICSSoft.STORMNET.Collections.csproj", "{338A1A24-A012-41EE-B5A8-E1D6294771CE}"
EndProject
Project("{9A19103F-16F7-4668-BE54-9A1E7A4F7556}") = "ICSSoft.STORMNET.DataObject", "ICSSoft.STORMNET.DataObject\ICSSoft.STORMNET.DataObject.csproj", "{02F8E692-776F-4FEE-93EC-B3C2A57A451A}"
EndProject
Project("{9A19103F-16F7-4668-BE54-9A1E7A4F7556}") = "LogService", "..\NewPlatform.Flexberry.LogService.CORE\LogService\LogService.csproj", "{C83C99F8-C63C-4FDF-B94E-E00615010106}"
EndProject
Project("{9A19103F-16F7-4668-BE54-9A1E7A4F7556}") = "ICSSoft.STORMNET.Tools", "ICSSoft.STORMNET.Tools\ICSSoft.STORMNET.Tools.csproj", "{9AFFAE0E-E936-4679-9C13-E54C8DD95AD4}"
EndProject
Project("{9A19103F-16F7-4668-BE54-9A1E7A4F7556}") = "ICSSoft.STORMNET.FunctionalLanguage", "ICSSoft.STORMNET.FunctionalLanguage\ICSSoft.STORMNET.FunctionalLanguage.csproj", "{55BF99FA-20BC-4364-AB19-5ABEBE52970B}"
EndProject
Project("{9A19103F-16F7-4668-BE54-9A1E7A4F7556}") = "ICSSoft.STORMNET.Business", "ICSSoft.STORMNET.Business\ICSSoft.STORMNET.Business.csproj", "{C403C1DF-BB46-4E3C-AD51-D72080F9D242}"
EndProject
Project("{9A19103F-16F7-4668-BE54-9A1E7A4F7556}") = "ExternalLangDef", "ExternalLangDef\ExternalLangDef.csproj", "{CA2E87EE-E2BB-421B-988A-B1431E8997AA}"
EndProject
Project("{9A19103F-16F7-4668-BE54-9A1E7A4F7556}") = "ICSSoft.STORMNET.Business.MSSQLDataService", "ICSSoft.STORMNET.Business.MSSQLDataService\ICSSoft.STORMNET.Business.MSSQLDataService.csproj", "{3D65DB87-C306-400B-9F65-CE7ADB97FC6A}"
EndProject
Project("{9A19103F-16F7-4668-BE54-9A1E7A4F7556}") = "ICSSoft.STORMNET.UserDataTypes", "ICSSoft.STORMNET.UserDataTypes\ICSSoft.STORMNET.UserDataTypes.csproj", "{B959C33C-C6EA-4A0E-AB09-1D2AFC4D41E5}"
EndProject
Project("{9A19103F-16F7-4668-BE54-9A1E7A4F7556}") = "ICSSoft.STORMNET.Business.PostgresDataService", "ICSSoft.STORMNET.Business.PostgresDataService\ICSSoft.STORMNET.Business.PostgresDataService.csproj", "{A7E0AC6D-9A3F-46F8-A2B2-B9E83194F277}"
EndProject
Project("{FAE04EC0-301F-11D3-BF4B-00C04F79EFBC}") = "ICSSoft.STORMNET.Business.LINQProvider", "ICSSoft.STORMNET.Business.LINQProvider\ICSSoft.STORMNET.Business.LINQProvider.csproj", "{21321AB9-DD35-4983-8665-BF8B7036FEE9}"
EndProject
Global
	GlobalSection(SolutionConfigurationPlatforms) = preSolution
		Debug|Any CPU = Debug|Any CPU
		Release|Any CPU = Release|Any CPU
	EndGlobalSection
	GlobalSection(ProjectConfigurationPlatforms) = postSolution
		{338A1A24-A012-41EE-B5A8-E1D6294771CE}.Debug|Any CPU.ActiveCfg = Debug|Any CPU
		{338A1A24-A012-41EE-B5A8-E1D6294771CE}.Debug|Any CPU.Build.0 = Debug|Any CPU
		{338A1A24-A012-41EE-B5A8-E1D6294771CE}.Release|Any CPU.ActiveCfg = Release|Any CPU
		{338A1A24-A012-41EE-B5A8-E1D6294771CE}.Release|Any CPU.Build.0 = Release|Any CPU
		{02F8E692-776F-4FEE-93EC-B3C2A57A451A}.Debug|Any CPU.ActiveCfg = Debug|Any CPU
		{02F8E692-776F-4FEE-93EC-B3C2A57A451A}.Debug|Any CPU.Build.0 = Debug|Any CPU
		{02F8E692-776F-4FEE-93EC-B3C2A57A451A}.Release|Any CPU.ActiveCfg = Release|Any CPU
		{02F8E692-776F-4FEE-93EC-B3C2A57A451A}.Release|Any CPU.Build.0 = Release|Any CPU
		{C83C99F8-C63C-4FDF-B94E-E00615010106}.Debug|Any CPU.ActiveCfg = Debug|Any CPU
		{C83C99F8-C63C-4FDF-B94E-E00615010106}.Debug|Any CPU.Build.0 = Debug|Any CPU
		{C83C99F8-C63C-4FDF-B94E-E00615010106}.Release|Any CPU.ActiveCfg = Release|Any CPU
		{C83C99F8-C63C-4FDF-B94E-E00615010106}.Release|Any CPU.Build.0 = Release|Any CPU
		{9AFFAE0E-E936-4679-9C13-E54C8DD95AD4}.Debug|Any CPU.ActiveCfg = Debug|Any CPU
		{9AFFAE0E-E936-4679-9C13-E54C8DD95AD4}.Debug|Any CPU.Build.0 = Debug|Any CPU
		{9AFFAE0E-E936-4679-9C13-E54C8DD95AD4}.Release|Any CPU.ActiveCfg = Release|Any CPU
		{9AFFAE0E-E936-4679-9C13-E54C8DD95AD4}.Release|Any CPU.Build.0 = Release|Any CPU
		{55BF99FA-20BC-4364-AB19-5ABEBE52970B}.Debug|Any CPU.ActiveCfg = Debug|Any CPU
		{55BF99FA-20BC-4364-AB19-5ABEBE52970B}.Debug|Any CPU.Build.0 = Debug|Any CPU
		{55BF99FA-20BC-4364-AB19-5ABEBE52970B}.Release|Any CPU.ActiveCfg = Release|Any CPU
		{55BF99FA-20BC-4364-AB19-5ABEBE52970B}.Release|Any CPU.Build.0 = Release|Any CPU
		{C403C1DF-BB46-4E3C-AD51-D72080F9D242}.Debug|Any CPU.ActiveCfg = Debug|Any CPU
		{C403C1DF-BB46-4E3C-AD51-D72080F9D242}.Debug|Any CPU.Build.0 = Debug|Any CPU
		{C403C1DF-BB46-4E3C-AD51-D72080F9D242}.Release|Any CPU.ActiveCfg = Release|Any CPU
		{C403C1DF-BB46-4E3C-AD51-D72080F9D242}.Release|Any CPU.Build.0 = Release|Any CPU
		{CA2E87EE-E2BB-421B-988A-B1431E8997AA}.Debug|Any CPU.ActiveCfg = Debug|Any CPU
		{CA2E87EE-E2BB-421B-988A-B1431E8997AA}.Debug|Any CPU.Build.0 = Debug|Any CPU
		{CA2E87EE-E2BB-421B-988A-B1431E8997AA}.Release|Any CPU.ActiveCfg = Release|Any CPU
		{CA2E87EE-E2BB-421B-988A-B1431E8997AA}.Release|Any CPU.Build.0 = Release|Any CPU
		{3D65DB87-C306-400B-9F65-CE7ADB97FC6A}.Debug|Any CPU.ActiveCfg = Debug|Any CPU
		{3D65DB87-C306-400B-9F65-CE7ADB97FC6A}.Debug|Any CPU.Build.0 = Debug|Any CPU
		{3D65DB87-C306-400B-9F65-CE7ADB97FC6A}.Release|Any CPU.ActiveCfg = Release|Any CPU
		{3D65DB87-C306-400B-9F65-CE7ADB97FC6A}.Release|Any CPU.Build.0 = Release|Any CPU
		{B959C33C-C6EA-4A0E-AB09-1D2AFC4D41E5}.Debug|Any CPU.ActiveCfg = Debug|Any CPU
		{B959C33C-C6EA-4A0E-AB09-1D2AFC4D41E5}.Debug|Any CPU.Build.0 = Debug|Any CPU
		{B959C33C-C6EA-4A0E-AB09-1D2AFC4D41E5}.Release|Any CPU.ActiveCfg = Release|Any CPU
		{B959C33C-C6EA-4A0E-AB09-1D2AFC4D41E5}.Release|Any CPU.Build.0 = Release|Any CPU
		{A7E0AC6D-9A3F-46F8-A2B2-B9E83194F277}.Debug|Any CPU.ActiveCfg = Debug|Any CPU
		{A7E0AC6D-9A3F-46F8-A2B2-B9E83194F277}.Debug|Any CPU.Build.0 = Debug|Any CPU
		{A7E0AC6D-9A3F-46F8-A2B2-B9E83194F277}.Release|Any CPU.ActiveCfg = Release|Any CPU
		{A7E0AC6D-9A3F-46F8-A2B2-B9E83194F277}.Release|Any CPU.Build.0 = Release|Any CPU
		{21321AB9-DD35-4983-8665-BF8B7036FEE9}.Debug|Any CPU.ActiveCfg = Debug|Any CPU
		{21321AB9-DD35-4983-8665-BF8B7036FEE9}.Debug|Any CPU.Build.0 = Debug|Any CPU
		{21321AB9-DD35-4983-8665-BF8B7036FEE9}.Release|Any CPU.ActiveCfg = Release|Any CPU
		{21321AB9-DD35-4983-8665-BF8B7036FEE9}.Release|Any CPU.Build.0 = Release|Any CPU
	EndGlobalSection
	GlobalSection(SolutionProperties) = preSolution
		HideSolutionNode = FALSE
	EndGlobalSection
	GlobalSection(ExtensibilityGlobals) = postSolution
		SolutionGuid = {FE066479-88CE-489D-88D0-32433F8D01E0}
	EndGlobalSection
EndGlobal
