
Microsoft Visual Studio Solution File, Format Version 12.00
# Visual Studio Version 16
VisualStudioVersion = 16.0.29020.237
MinimumVisualStudioVersion = 10.0.40219.1
Project("{FAE04EC0-301F-11D3-BF4B-00C04F79EFBC}") = "ICSSoft.STORMNET.Business", "ICSSoft.STORMNET.Business\ICSSoft.STORMNET.Business.csproj", "{70245187-E302-4FA1-9725-0553C3B68BE5}"
EndProject
Project("{FAE04EC0-301F-11D3-BF4B-00C04F79EFBC}") = "ICSSoft.STORMNET.Business.MSSQLDataService", "ICSSoft.STORMNET.Business.MSSQLDataService\ICSSoft.STORMNET.Business.MSSQLDataService.csproj", "{64E6F763-3ED4-479D-A767-AD9F475AA8E1}"
EndProject
Project("{FAE04EC0-301F-11D3-BF4B-00C04F79EFBC}") = "ICSSoft.STORMNET.FunctionalLanguage", "ICSSoft.STORMNET.FunctionalLanguage\ICSSoft.STORMNET.FunctionalLanguage.csproj", "{329C3DA0-05F7-45C4-B081-9DAF7B78733F}"
EndProject
Project("{FAE04EC0-301F-11D3-BF4B-00C04F79EFBC}") = "ICSSoft.STORMNET.Tools", "ICSSoft.STORMNET.Tools\ICSSoft.STORMNET.Tools.csproj", "{D58C2E43-59EF-4D6F-B006-1A7BB6508689}"
EndProject
Project("{FAE04EC0-301F-11D3-BF4B-00C04F79EFBC}") = "ICSSoft.STORMNET.UserDataTypes", "ICSSoft.STORMNET.UserDataTypes\ICSSoft.STORMNET.UserDataTypes.csproj", "{52E5BA46-979D-4C9D-8704-183A9CA0EB40}"
EndProject
Project("{FAE04EC0-301F-11D3-BF4B-00C04F79EFBC}") = "ExternalLangDef", "ExternalLangDef\ExternalLangDef.csproj", "{A063E5C7-3DCD-4B7B-8F3F-9F1108C71A6E}"
EndProject
Project("{FAE04EC0-301F-11D3-BF4B-00C04F79EFBC}") = "ICSSoft.STORMNET.Business.DRDataService", "ICSSoft.STORMNET.Business.DRDataService\ICSSoft.STORMNET.Business.DRDataService.csproj", "{3DDD55A4-63CF-488E-85AA-FA65EAD9F21E}"
EndProject
Project("{FAE04EC0-301F-11D3-BF4B-00C04F79EFBC}") = "ICSSoft.STORMNET.Business.LINQProvider", "ICSSoft.STORMNET.Business.LINQProvider\ICSSoft.STORMNET.Business.LINQProvider.csproj", "{0F9BD531-9D79-433D-A2E7-E3A04FD72D5F}"
EndProject
Project("{FAE04EC0-301F-11D3-BF4B-00C04F79EFBC}") = "ICSSoft.STORMNET.Business.LockService", "ICSSoft.STORMNET.Business.LockService\ICSSoft.STORMNET.Business.LockService.csproj", "{DD7C77E8-BBB6-462F-9604-AD08C8F85772}"
EndProject
Project("{FAE04EC0-301F-11D3-BF4B-00C04F79EFBC}") = "ICSSoft.STORMNET.Business.ODBCDataService", "ICSSoft.STORMNET.Business.ODBCDataService\ICSSoft.STORMNET.Business.ODBCDataService.csproj", "{68344B38-6E12-4905-8C04-7574594E5180}"
EndProject
Project("{FAE04EC0-301F-11D3-BF4B-00C04F79EFBC}") = "ICSSoft.STORMNET.Business.OracleDataService", "ICSSoft.STORMNET.Business.OracleDataService\ICSSoft.STORMNET.Business.OracleDataService.csproj", "{5E29DE24-8237-428E-BF7C-B5CFED45860A}"
EndProject
Project("{FAE04EC0-301F-11D3-BF4B-00C04F79EFBC}") = "ICSSoft.STORMNET.Business.PostgresDataService", "ICSSoft.STORMNET.Business.PostgresDataService\ICSSoft.STORMNET.Business.PostgresDataService.csproj", "{E9F19C18-6A48-4354-A4FB-1B610243592F}"
EndProject
Project("{2150E333-8FDC-42A3-9474-1A3956D46DE8}") = "NuGet Package Properties", "NuGet Package Properties", "{8B2EC67F-05B1-4C15-8CAE-C0D58F75CE4C}"
	ProjectSection(SolutionItems) = preProject
		config.install.xdt = config.install.xdt
		config.uninstall.xdt = config.uninstall.xdt
		NewPlatform.Flexberry.CurrentUserService.nuspec = NewPlatform.Flexberry.CurrentUserService.nuspec
		NewPlatform.Flexberry.ORM.nuspec = NewPlatform.Flexberry.ORM.nuspec
		NewPlatform.Flexberry.UnityFactory.nuspec = NewPlatform.Flexberry.UnityFactory.nuspec
	EndProjectSection
EndProject
Project("{2150E333-8FDC-42A3-9474-1A3956D46DE8}") = "Diagrams", "Diagrams", "{F2380577-D80D-43DE-A11C-4BAA1443691B}"
	ProjectSection(SolutionItems) = preProject
		Flexberry ORM Projects Dependencies.dgml = Flexberry ORM Projects Dependencies.dgml
	EndProjectSection
EndProject
Project("{FAE04EC0-301F-11D3-BF4B-00C04F79EFBC}") = "ChangesToSqlBTMonitor", "ChangesToSqlBTMonitor\ChangesToSqlBTMonitor.csproj", "{20AB00BA-286C-44D3-B7D9-EBA2246CF615}"
EndProject
Project("{FAE04EC0-301F-11D3-BF4B-00C04F79EFBC}") = "NewPlatform.Flexberry.ORM.Tests.Objects", "NewPlatform.Flexberry.ORM.Test.Objects\NewPlatform.Flexberry.ORM.Tests.Objects.csproj", "{3839079F-72FF-4038-82EB-BD49712418F4}"
EndProject
Project("{FAE04EC0-301F-11D3-BF4B-00C04F79EFBC}") = "NewPlatform.Flexberry.ORM.Tests.BusinessServers", "NewPlatform.Flexberry.ORM.Tests.BusinessServers\NewPlatform.Flexberry.ORM.Tests.BusinessServers.csproj", "{70D27598-B67E-41E6-8A1A-06DAD5336C05}"
EndProject
Project("{FAE04EC0-301F-11D3-BF4B-00C04F79EFBC}") = "CurrentUserService", "CurrentUserService\CurrentUserService.csproj", "{DBFB4362-4180-4687-B092-A43D269FDD93}"
EndProject
Project("{FAE04EC0-301F-11D3-BF4B-00C04F79EFBC}") = "NewPlatform.Flexberry.ORM.Tests", "NewPlatform.Flexberry.ORM.Tests\NewPlatform.Flexberry.ORM.Tests.csproj", "{86840178-3314-43F3-B686-F5BF54A9DCA8}"
EndProject
Project("{FAE04EC0-301F-11D3-BF4B-00C04F79EFBC}") = "NewPlatform.Flexberry.ORM.IntegratedTests", "NewPlatform.Flexberry.ORM.IntegratedTests\NewPlatform.Flexberry.ORM.IntegratedTests.csproj", "{908A8086-28AA-4A56-B2DA-4F22FBBF07F4}"
EndProject
Project("{2150E333-8FDC-42A3-9474-1A3956D46DE8}") = "Open Source", "Open Source", "{B05C8E70-96B4-4227-A1D2-3A4565913340}"
	ProjectSection(SolutionItems) = preProject
		.gitignore = .gitignore
		.travis.yml = .travis.yml
		CHANGELOG.md = CHANGELOG.md
		ConfigTuner.ps1 = ConfigTuner.ps1
		Flexberry.ruleset = Flexberry.ruleset
		LICENSE.md = LICENSE.md
		README.md = README.md
	EndProjectSection
EndProject
Project("{FAE04EC0-301F-11D3-BF4B-00C04F79EFBC}") = "ICSSoft.STORMNET.Collections", "ICSSoft.STORMNET.Collections\ICSSoft.STORMNET.Collections.csproj", "{B440D002-B8D5-4695-B948-16829F52796C}"
EndProject
Project("{FAE04EC0-301F-11D3-BF4B-00C04F79EFBC}") = "ICSSoft.STORMNET.DataObject", "ICSSoft.STORMNET.DataObject\ICSSoft.STORMNET.DataObject.csproj", "{9F023A10-0417-4D54-B1ED-F5BDCC69BEC2}"
EndProject
Project("{FAE04EC0-301F-11D3-BF4B-00C04F79EFBC}") = "NewPlatform.Flexberry.ORM.UnityFactory", "NewPlatform.Flexberry.ORM.UnityFactory\NewPlatform.Flexberry.ORM.UnityFactory.csproj", "{E0621FC6-CFD1-43D0-9E25-6217D82C77E6}"
EndProject
Global
	GlobalSection(SolutionConfigurationPlatforms) = preSolution
		Debug|Any CPU = Debug|Any CPU
		Release|Any CPU = Release|Any CPU
	EndGlobalSection
	GlobalSection(ProjectConfigurationPlatforms) = postSolution
		{70245187-E302-4FA1-9725-0553C3B68BE5}.Debug|Any CPU.ActiveCfg = Debug|Any CPU
		{70245187-E302-4FA1-9725-0553C3B68BE5}.Debug|Any CPU.Build.0 = Debug|Any CPU
		{70245187-E302-4FA1-9725-0553C3B68BE5}.Release|Any CPU.ActiveCfg = Release|Any CPU
		{70245187-E302-4FA1-9725-0553C3B68BE5}.Release|Any CPU.Build.0 = Release|Any CPU
		{64E6F763-3ED4-479D-A767-AD9F475AA8E1}.Debug|Any CPU.ActiveCfg = Debug|Any CPU
		{64E6F763-3ED4-479D-A767-AD9F475AA8E1}.Debug|Any CPU.Build.0 = Debug|Any CPU
		{64E6F763-3ED4-479D-A767-AD9F475AA8E1}.Release|Any CPU.ActiveCfg = Release|Any CPU
		{64E6F763-3ED4-479D-A767-AD9F475AA8E1}.Release|Any CPU.Build.0 = Release|Any CPU
		{329C3DA0-05F7-45C4-B081-9DAF7B78733F}.Debug|Any CPU.ActiveCfg = Debug|Any CPU
		{329C3DA0-05F7-45C4-B081-9DAF7B78733F}.Debug|Any CPU.Build.0 = Debug|Any CPU
		{329C3DA0-05F7-45C4-B081-9DAF7B78733F}.Release|Any CPU.ActiveCfg = Release|Any CPU
		{329C3DA0-05F7-45C4-B081-9DAF7B78733F}.Release|Any CPU.Build.0 = Release|Any CPU
		{D58C2E43-59EF-4D6F-B006-1A7BB6508689}.Debug|Any CPU.ActiveCfg = Debug|Any CPU
		{D58C2E43-59EF-4D6F-B006-1A7BB6508689}.Debug|Any CPU.Build.0 = Debug|Any CPU
		{D58C2E43-59EF-4D6F-B006-1A7BB6508689}.Release|Any CPU.ActiveCfg = Release|Any CPU
		{D58C2E43-59EF-4D6F-B006-1A7BB6508689}.Release|Any CPU.Build.0 = Release|Any CPU
		{52E5BA46-979D-4C9D-8704-183A9CA0EB40}.Debug|Any CPU.ActiveCfg = Debug|Any CPU
		{52E5BA46-979D-4C9D-8704-183A9CA0EB40}.Debug|Any CPU.Build.0 = Debug|Any CPU
		{52E5BA46-979D-4C9D-8704-183A9CA0EB40}.Release|Any CPU.ActiveCfg = Release|Any CPU
		{52E5BA46-979D-4C9D-8704-183A9CA0EB40}.Release|Any CPU.Build.0 = Release|Any CPU
		{A063E5C7-3DCD-4B7B-8F3F-9F1108C71A6E}.Debug|Any CPU.ActiveCfg = Debug|Any CPU
		{A063E5C7-3DCD-4B7B-8F3F-9F1108C71A6E}.Debug|Any CPU.Build.0 = Debug|Any CPU
		{A063E5C7-3DCD-4B7B-8F3F-9F1108C71A6E}.Release|Any CPU.ActiveCfg = Release|Any CPU
		{A063E5C7-3DCD-4B7B-8F3F-9F1108C71A6E}.Release|Any CPU.Build.0 = Release|Any CPU
		{3DDD55A4-63CF-488E-85AA-FA65EAD9F21E}.Debug|Any CPU.ActiveCfg = Debug|Any CPU
		{3DDD55A4-63CF-488E-85AA-FA65EAD9F21E}.Debug|Any CPU.Build.0 = Debug|Any CPU
		{3DDD55A4-63CF-488E-85AA-FA65EAD9F21E}.Release|Any CPU.ActiveCfg = Release|Any CPU
		{3DDD55A4-63CF-488E-85AA-FA65EAD9F21E}.Release|Any CPU.Build.0 = Release|Any CPU
		{0F9BD531-9D79-433D-A2E7-E3A04FD72D5F}.Debug|Any CPU.ActiveCfg = Debug|Any CPU
		{0F9BD531-9D79-433D-A2E7-E3A04FD72D5F}.Debug|Any CPU.Build.0 = Debug|Any CPU
		{0F9BD531-9D79-433D-A2E7-E3A04FD72D5F}.Release|Any CPU.ActiveCfg = Release|Any CPU
		{0F9BD531-9D79-433D-A2E7-E3A04FD72D5F}.Release|Any CPU.Build.0 = Release|Any CPU
		{DD7C77E8-BBB6-462F-9604-AD08C8F85772}.Debug|Any CPU.ActiveCfg = Debug|Any CPU
		{DD7C77E8-BBB6-462F-9604-AD08C8F85772}.Debug|Any CPU.Build.0 = Debug|Any CPU
		{DD7C77E8-BBB6-462F-9604-AD08C8F85772}.Release|Any CPU.ActiveCfg = Release|Any CPU
		{DD7C77E8-BBB6-462F-9604-AD08C8F85772}.Release|Any CPU.Build.0 = Release|Any CPU
		{68344B38-6E12-4905-8C04-7574594E5180}.Debug|Any CPU.ActiveCfg = Debug|Any CPU
		{68344B38-6E12-4905-8C04-7574594E5180}.Debug|Any CPU.Build.0 = Debug|Any CPU
		{68344B38-6E12-4905-8C04-7574594E5180}.Release|Any CPU.ActiveCfg = Release|Any CPU
		{68344B38-6E12-4905-8C04-7574594E5180}.Release|Any CPU.Build.0 = Release|Any CPU
		{5E29DE24-8237-428E-BF7C-B5CFED45860A}.Debug|Any CPU.ActiveCfg = Debug|Any CPU
		{5E29DE24-8237-428E-BF7C-B5CFED45860A}.Debug|Any CPU.Build.0 = Debug|Any CPU
		{5E29DE24-8237-428E-BF7C-B5CFED45860A}.Release|Any CPU.ActiveCfg = Release|Any CPU
		{5E29DE24-8237-428E-BF7C-B5CFED45860A}.Release|Any CPU.Build.0 = Release|Any CPU
		{E9F19C18-6A48-4354-A4FB-1B610243592F}.Debug|Any CPU.ActiveCfg = Debug|Any CPU
		{E9F19C18-6A48-4354-A4FB-1B610243592F}.Debug|Any CPU.Build.0 = Debug|Any CPU
		{E9F19C18-6A48-4354-A4FB-1B610243592F}.Release|Any CPU.ActiveCfg = Release|Any CPU
		{E9F19C18-6A48-4354-A4FB-1B610243592F}.Release|Any CPU.Build.0 = Release|Any CPU
		{20AB00BA-286C-44D3-B7D9-EBA2246CF615}.Debug|Any CPU.ActiveCfg = Debug|Any CPU
		{20AB00BA-286C-44D3-B7D9-EBA2246CF615}.Debug|Any CPU.Build.0 = Debug|Any CPU
		{20AB00BA-286C-44D3-B7D9-EBA2246CF615}.Release|Any CPU.ActiveCfg = Release|Any CPU
		{20AB00BA-286C-44D3-B7D9-EBA2246CF615}.Release|Any CPU.Build.0 = Release|Any CPU
		{3839079F-72FF-4038-82EB-BD49712418F4}.Debug|Any CPU.ActiveCfg = Debug|Any CPU
		{3839079F-72FF-4038-82EB-BD49712418F4}.Debug|Any CPU.Build.0 = Debug|Any CPU
		{3839079F-72FF-4038-82EB-BD49712418F4}.Release|Any CPU.ActiveCfg = Release|Any CPU
		{3839079F-72FF-4038-82EB-BD49712418F4}.Release|Any CPU.Build.0 = Release|Any CPU
		{70D27598-B67E-41E6-8A1A-06DAD5336C05}.Debug|Any CPU.ActiveCfg = Debug|Any CPU
		{70D27598-B67E-41E6-8A1A-06DAD5336C05}.Debug|Any CPU.Build.0 = Debug|Any CPU
		{70D27598-B67E-41E6-8A1A-06DAD5336C05}.Release|Any CPU.ActiveCfg = Release|Any CPU
		{70D27598-B67E-41E6-8A1A-06DAD5336C05}.Release|Any CPU.Build.0 = Release|Any CPU
		{DBFB4362-4180-4687-B092-A43D269FDD93}.Debug|Any CPU.ActiveCfg = Debug|Any CPU
		{DBFB4362-4180-4687-B092-A43D269FDD93}.Debug|Any CPU.Build.0 = Debug|Any CPU
		{DBFB4362-4180-4687-B092-A43D269FDD93}.Release|Any CPU.ActiveCfg = Release|Any CPU
		{DBFB4362-4180-4687-B092-A43D269FDD93}.Release|Any CPU.Build.0 = Release|Any CPU
		{86840178-3314-43F3-B686-F5BF54A9DCA8}.Debug|Any CPU.ActiveCfg = Debug|Any CPU
		{86840178-3314-43F3-B686-F5BF54A9DCA8}.Debug|Any CPU.Build.0 = Debug|Any CPU
		{86840178-3314-43F3-B686-F5BF54A9DCA8}.Release|Any CPU.ActiveCfg = Release|Any CPU
		{86840178-3314-43F3-B686-F5BF54A9DCA8}.Release|Any CPU.Build.0 = Release|Any CPU
		{908A8086-28AA-4A56-B2DA-4F22FBBF07F4}.Debug|Any CPU.ActiveCfg = Debug|Any CPU
		{908A8086-28AA-4A56-B2DA-4F22FBBF07F4}.Debug|Any CPU.Build.0 = Debug|Any CPU
		{908A8086-28AA-4A56-B2DA-4F22FBBF07F4}.Release|Any CPU.ActiveCfg = Release|Any CPU
		{908A8086-28AA-4A56-B2DA-4F22FBBF07F4}.Release|Any CPU.Build.0 = Release|Any CPU
		{B440D002-B8D5-4695-B948-16829F52796C}.Debug|Any CPU.ActiveCfg = Debug|Any CPU
		{B440D002-B8D5-4695-B948-16829F52796C}.Debug|Any CPU.Build.0 = Debug|Any CPU
		{B440D002-B8D5-4695-B948-16829F52796C}.Release|Any CPU.ActiveCfg = Release|Any CPU
		{B440D002-B8D5-4695-B948-16829F52796C}.Release|Any CPU.Build.0 = Release|Any CPU
		{9F023A10-0417-4D54-B1ED-F5BDCC69BEC2}.Debug|Any CPU.ActiveCfg = Debug|Any CPU
		{9F023A10-0417-4D54-B1ED-F5BDCC69BEC2}.Debug|Any CPU.Build.0 = Debug|Any CPU
		{9F023A10-0417-4D54-B1ED-F5BDCC69BEC2}.Release|Any CPU.ActiveCfg = Release|Any CPU
		{9F023A10-0417-4D54-B1ED-F5BDCC69BEC2}.Release|Any CPU.Build.0 = Release|Any CPU
		{E0621FC6-CFD1-43D0-9E25-6217D82C77E6}.Debug|Any CPU.ActiveCfg = Debug|Any CPU
		{E0621FC6-CFD1-43D0-9E25-6217D82C77E6}.Debug|Any CPU.Build.0 = Debug|Any CPU
		{E0621FC6-CFD1-43D0-9E25-6217D82C77E6}.Release|Any CPU.ActiveCfg = Release|Any CPU
		{E0621FC6-CFD1-43D0-9E25-6217D82C77E6}.Release|Any CPU.Build.0 = Release|Any CPU
	EndGlobalSection
	GlobalSection(SolutionProperties) = preSolution
		HideSolutionNode = FALSE
	EndGlobalSection
	GlobalSection(ExtensibilityGlobals) = postSolution
		SolutionGuid = {D06807EB-731A-4C38-A042-6E30BE6F1BBF}
	EndGlobalSection
EndGlobal
